
Microsoft Visual Studio Solution File, Format Version 12.00
# Visual Studio Version 16
VisualStudioVersion = 16.0.29709.97
MinimumVisualStudioVersion = 10.0.40219.1
Project("{FAE04EC0-301F-11D3-BF4B-00C04F79EFBC}") = "SEORanker.presentation", "SEORanker.presentation\SEORanker.presentation.csproj", "{F9AE7D62-73C7-44B2-8886-7470E8F9F267}"
EndProject
Global
	GlobalSection(SolutionConfigurationPlatforms) = preSolution
		Debug|Any CPU = Debug|Any CPU
		Release|Any CPU = Release|Any CPU
	EndGlobalSection
	GlobalSection(ProjectConfigurationPlatforms) = postSolution
		{F9AE7D62-73C7-44B2-8886-7470E8F9F267}.Debug|Any CPU.ActiveCfg = Debug|Any CPU
		{F9AE7D62-73C7-44B2-8886-7470E8F9F267}.Debug|Any CPU.Build.0 = Debug|Any CPU
		{F9AE7D62-73C7-44B2-8886-7470E8F9F267}.Release|Any CPU.ActiveCfg = Release|Any CPU
		{F9AE7D62-73C7-44B2-8886-7470E8F9F267}.Release|Any CPU.Build.0 = Release|Any CPU
	EndGlobalSection
	GlobalSection(SolutionProperties) = preSolution
		HideSolutionNode = FALSE
	EndGlobalSection
	GlobalSection(ExtensibilityGlobals) = postSolution
		SolutionGuid = {D52B0498-9388-4F71-BE5F-54318D1380E1}
	EndGlobalSection
EndGlobal
